PODS:
  - connectivity_plus (0.0.1):
    - Flutter
    - ReachabilitySwift
  - Flutter (1.0.0)
  - libphonenumber_plugin (0.0.1):
    - Flutter
    - PhoneNumberKit
  - path_provider_foundation (0.0.1):
    - Flutter
    - FlutterMacOS
  - PhoneNumberKit (3.7.10):
    - PhoneNumberKit/PhoneNumberKitCore (= 3.7.10)
    - PhoneNumberKit/UIKit (= 3.7.10)
  - PhoneNumberKit/PhoneNumberKitCore (3.7.10)
  - PhoneNumberKit/UIKit (3.7.10):
    - PhoneNumberKit/PhoneNumberKitCore
  - ReachabilitySwift (5.2.2)
  - shared_preferences_foundation (0.0.1):
    - Flutter
    - FlutterMacOS
  - url_launcher_ios (0.0.1):
    - Flutter

DEPENDENCIES:
  - connectivity_plus (from `.symlinks/plugins/connectivity_plus/ios`)
  - Flutter (from `Flutter`)
  - libphonenumber_plugin (from `.symlinks/plugins/libphonenumber_plugin/ios`)
  - path_provider_foundation (from `.symlinks/plugins/path_provider_foundation/darwin`)
  - shared_preferences_foundation (from `.symlinks/plugins/shared_preferences_foundation/darwin`)
  - url_launcher_ios (from `.symlinks/plugins/url_launcher_ios/ios`)

SPEC REPOS:
  trunk:
    - PhoneNumberKit
    - ReachabilitySwift

EXTERNAL SOURCES:
  connectivity_plus:
    :path: ".symlinks/plugins/connectivity_plus/ios"
  Flutter:
    :path: Flutter
  libphonenumber_plugin:
    :path: ".symlinks/plugins/libphonenumber_plugin/ios"
  path_provider_foundation:
    :path: ".symlinks/plugins/path_provider_foundation/darwin"
  shared_preferences_foundation:
    :path: ".symlinks/plugins/shared_preferences_foundation/darwin"
  url_launcher_ios:
    :path: ".symlinks/plugins/url_launcher_ios/ios"

SPEC CHECKSUMS:
  connectivity_plus: bf0076dd84a130856aa636df1c71ccaff908fa1d
  Flutter: f04841e97a9d0b0a8025694d0796dd46242b2854
  libphonenumber_plugin: 48bf4078546377eedaab4aa54978cd0f6fa23072
  path_provider_foundation: 3784922295ac71e43754bd15e0653ccfd36a147c
  PhoneNumberKit: 3d9a20cfe8ee68f35c2a3ae9474093133f72a8a1
  ReachabilitySwift: 2128f3a8c9107e1ad33574c6e58e8285d460b149
  shared_preferences_foundation: b4c3b4cddf1c21f02770737f147a3f5da9d39695
  url_launcher_ios: bbd758c6e7f9fd7b5b1d4cde34d2b95fcce5e812

PODFILE CHECKSUM: 4bb0d5af7b0a7a18570b26cd09a55bf9a905f81f

COCOAPODS: 1.15.2
